<<<<<<< HEAD
PODFILE CHECKSUM: 9854ef67e212a0491a3714c5c9759cb2d647ceb8
=======
PODS:
  - NMapsMap (3.6.0)

DEPENDENCIES:
  - NMapsMap

SPEC REPOS:
  trunk:
    - NMapsMap

SPEC CHECKSUMS:
  NMapsMap: be525094041c1ba7ab5035c9b3215c797a2bbb13

PODFILE CHECKSUM: 62bd0649c881a736fbce6c3726883df8072e1c08
>>>>>>> 5af08fcf2f56704767600e24a6508e2fef475e56

COCOAPODS: 1.8.4
