PODS:
  - ARCL (1.2.1)
  - NMapsMap (3.6.0)

DEPENDENCIES:
  - ARCL
  - NMapsMap

SPEC REPOS:
  trunk:
    - ARCL
    - NMapsMap

SPEC CHECKSUMS:
  ARCL: d1a534afb4d5b8ff5c51c5cfe23bb998df36c606
  NMapsMap: be525094041c1ba7ab5035c9b3215c797a2bbb13

PODFILE CHECKSUM: 897d63a6651bd81304c063c01b5e781852c3fa08

COCOAPODS: 1.8.4
